
Microsoft Visual Studio Solution File, Format Version 12.00
# Visual Studio Version 17
VisualStudioVersion = 17.0.31903.59
MinimumVisualStudioVersion = 10.0.40219.1
Project("{FAE04EC0-301F-11D3-BF4B-00C04F79EFBC}") = "D2ViewerEditor.Domain", "D2ViewerEditor.Domain\D2ViewerEditor.Domain.csproj", "{93196B72-E817-4237-801C-81AE7F466C09}"
EndProject
Project("{FAE04EC0-301F-11D3-BF4B-00C04F79EFBC}") = "D2ViewerEditor.Application", "D2ViewerEditor.Application\D2ViewerEditor.Application.csproj", "{7A033DA9-9A12-4941-A5ED-E5D2976D6E95}"
EndProject
Project("{FAE04EC0-301F-11D3-BF4B-00C04F79EFBC}") = "D2ViewerEditor.Infrastructure", "D2ViewerEditor.Infrastructure\D2ViewerEditor.Infrastructure.csproj", "{17842CA1-E20A-4D94-8B35-EA379BD73912}"
EndProject
Project("{FAE04EC0-301F-11D3-BF4B-00C04F79EFBC}") = "D2ViewerEditor.Api", "D2ViewerEditor.Api\D2ViewerEditor.Api.csproj", "{BAC00AF3-9ED1-4C57-9798-E936BF2C040D}"
EndProject
Project("{FAE04EC0-301F-11D3-BF4B-00C04F79EFBC}") = "D2ViewerEditor.Domain.UnitTests", "D2ViewerEditor.Domain.UnitTests\D2ViewerEditor.Domain.UnitTests.csproj", "{B312BBC7-2AAA-468E-BE53-957D1C9EDDB1}"
EndProject
Project("{FAE04EC0-301F-11D3-BF4B-00C04F79EFBC}") = "D2ViewerEditor.Application.UnitTests", "D2ViewerEditor.Application.UnitTests\D2ViewerEditor.Application.UnitTests.csproj", "{3A7C2FEA-3BE2-4742-8DFB-0AA53D3F9934}"
EndProject
Project("{FAE04EC0-301F-11D3-BF4B-00C04F79EFBC}") = "D2ViewerEditor.Infrastructure.UnitTests", "D2ViewerEditor.Infrastructure.UnitTests\D2ViewerEditor.Infrastructure.UnitTests.csproj", "{B4C92E05-AE09-4D30-BD3D-F0E9CEA55107}"
EndProject
Project("{FAE04EC0-301F-11D3-BF4B-00C04F79EFBC}") = "D2ViewerEditor.Api.UnitTests", "D2ViewerEditor.Api.UnitTests\D2ViewerEditor.Api.UnitTests.csproj", "{DA2A6A87-F273-4C3B-B3D1-443D670044CF}"
EndProject
Project("{FAE04EC0-301F-11D3-BF4B-00C04F79EFBC}") = "D2ViewerEditor.Benchmarks", "D2ViewerEditor.Benchmarks\D2ViewerEditor.Benchmarks.csproj", "{F1E2D3C4-B5A6-9870-FEDC-BA9876543210}"
EndProject
Project("{FAE04EC0-301F-11D3-BF4B-00C04F79EFBC}") = "D2ViewerEditor.Infrastructure.IntegrationTests", "D2ViewerEditor.Infrastructure.IntegrationTests\D2ViewerEditor.Infrastructure.IntegrationTests.csproj", "{42A4671B-050A-4B0A-8679-0BBD2869D824}"
EndProject
Project("{FAE04EC0-301F-11D3-BF4B-00C04F79EFBC}") = "D2ViewerEditor.Api.IntegrationTests", "D2ViewerEditor.Api.IntegrationTests\D2ViewerEditor.Api.IntegrationTests.csproj", "{3C251AEA-0800-4305-9178-F96975B9E38D}"
EndProject
Global
	GlobalSection(SolutionConfigurationPlatforms) = preSolution
		Debug|Any CPU = Debug|Any CPU
		Debug|x64 = Debug|x64
		Debug|x86 = Debug|x86
		Release|Any CPU = Release|Any CPU
		Release|x64 = Release|x64
		Release|x86 = Release|x86
	EndGlobalSection
	GlobalSection(ProjectConfigurationPlatforms) = postSolution
		{93196B72-E817-4237-801C-81AE7F466C09}.Debug|Any CPU.ActiveCfg = Debug|Any CPU
		{93196B72-E817-4237-801C-81AE7F466C09}.Debug|Any CPU.Build.0 = Debug|Any CPU
		{93196B72-E817-4237-801C-81AE7F466C09}.Debug|x64.ActiveCfg = Debug|Any CPU
		{93196B72-E817-4237-801C-81AE7F466C09}.Debug|x64.Build.0 = Debug|Any CPU
		{93196B72-E817-4237-801C-81AE7F466C09}.Debug|x86.ActiveCfg = Debug|Any CPU
		{93196B72-E817-4237-801C-81AE7F466C09}.Debug|x86.Build.0 = Debug|Any CPU
		{93196B72-E817-4237-801C-81AE7F466C09}.Release|Any CPU.ActiveCfg = Release|Any CPU
		{93196B72-E817-4237-801C-81AE7F466C09}.Release|Any CPU.Build.0 = Release|Any CPU
		{93196B72-E817-4237-801C-81AE7F466C09}.Release|x64.ActiveCfg = Release|Any CPU
		{93196B72-E817-4237-801C-81AE7F466C09}.Release|x64.Build.0 = Release|Any CPU
		{93196B72-E817-4237-801C-81AE7F466C09}.Release|x86.ActiveCfg = Release|Any CPU
		{93196B72-E817-4237-801C-81AE7F466C09}.Release|x86.Build.0 = Release|Any CPU
		{7A033DA9-9A12-4941-A5ED-E5D2976D6E95}.Debug|Any CPU.ActiveCfg = Debug|Any CPU
		{7A033DA9-9A12-4941-A5ED-E5D2976D6E95}.Debug|Any CPU.Build.0 = Debug|Any CPU
		{7A033DA9-9A12-4941-A5ED-E5D2976D6E95}.Debug|x64.ActiveCfg = Debug|Any CPU
		{7A033DA9-9A12-4941-A5ED-E5D2976D6E95}.Debug|x64.Build.0 = Debug|Any CPU
		{7A033DA9-9A12-4941-A5ED-E5D2976D6E95}.Debug|x86.ActiveCfg = Debug|Any CPU
		{7A033DA9-9A12-4941-A5ED-E5D2976D6E95}.Debug|x86.Build.0 = Debug|Any CPU
		{7A033DA9-9A12-4941-A5ED-E5D2976D6E95}.Release|Any CPU.ActiveCfg = Release|Any CPU
		{7A033DA9-9A12-4941-A5ED-E5D2976D6E95}.Release|Any CPU.Build.0 = Release|Any CPU
		{7A033DA9-9A12-4941-A5ED-E5D2976D6E95}.Release|x64.ActiveCfg = Release|Any CPU
		{7A033DA9-9A12-4941-A5ED-E5D2976D6E95}.Release|x64.Build.0 = Release|Any CPU
		{7A033DA9-9A12-4941-A5ED-E5D2976D6E95}.Release|x86.ActiveCfg = Release|Any CPU
		{7A033DA9-9A12-4941-A5ED-E5D2976D6E95}.Release|x86.Build.0 = Release|Any CPU
		{17842CA1-E20A-4D94-8B35-EA379BD73912}.Debug|Any CPU.ActiveCfg = Debug|Any CPU
		{17842CA1-E20A-4D94-8B35-EA379BD73912}.Debug|Any CPU.Build.0 = Debug|Any CPU
		{17842CA1-E20A-4D94-8B35-EA379BD73912}.Debug|x64.ActiveCfg = Debug|Any CPU
		{17842CA1-E20A-4D94-8B35-EA379BD73912}.Debug|x64.Build.0 = Debug|Any CPU
		{17842CA1-E20A-4D94-8B35-EA379BD73912}.Debug|x86.ActiveCfg = Debug|Any CPU
		{17842CA1-E20A-4D94-8B35-EA379BD73912}.Debug|x86.Build.0 = Debug|Any CPU
		{17842CA1-E20A-4D94-8B35-EA379BD73912}.Release|Any CPU.ActiveCfg = Release|Any CPU
		{17842CA1-E20A-4D94-8B35-EA379BD73912}.Release|Any CPU.Build.0 = Release|Any CPU
		{17842CA1-E20A-4D94-8B35-EA379BD73912}.Release|x64.ActiveCfg = Release|Any CPU
		{17842CA1-E20A-4D94-8B35-EA379BD73912}.Release|x64.Build.0 = Release|Any CPU
		{17842CA1-E20A-4D94-8B35-EA379BD73912}.Release|x86.ActiveCfg = Release|Any CPU
		{17842CA1-E20A-4D94-8B35-EA379BD73912}.Release|x86.Build.0 = Release|Any CPU
		{BAC00AF3-9ED1-4C57-9798-E936BF2C040D}.Debug|Any CPU.ActiveCfg = Debug|Any CPU
		{BAC00AF3-9ED1-4C57-9798-E936BF2C040D}.Debug|Any CPU.Build.0 = Debug|Any CPU
		{BAC00AF3-9ED1-4C57-9798-E936BF2C040D}.Debug|x64.ActiveCfg = Debug|Any CPU
		{BAC00AF3-9ED1-4C57-9798-E936BF2C040D}.Debug|x64.Build.0 = Debug|Any CPU
		{BAC00AF3-9ED1-4C57-9798-E936BF2C040D}.Debug|x86.ActiveCfg = Debug|Any CPU
		{BAC00AF3-9ED1-4C57-9798-E936BF2C040D}.Debug|x86.Build.0 = Debug|Any CPU
		{BAC00AF3-9ED1-4C57-9798-E936BF2C040D}.Release|Any CPU.ActiveCfg = Release|Any CPU
		{BAC00AF3-9ED1-4C57-9798-E936BF2C040D}.Release|Any CPU.Build.0 = Release|Any CPU
		{BAC00AF3-9ED1-4C57-9798-E936BF2C040D}.Release|x64.ActiveCfg = Release|Any CPU
		{BAC00AF3-9ED1-4C57-9798-E936BF2C040D}.Release|x64.Build.0 = Release|Any CPU
		{BAC00AF3-9ED1-4C57-9798-E936BF2C040D}.Release|x86.ActiveCfg = Release|Any CPU
		{BAC00AF3-9ED1-4C57-9798-E936BF2C040D}.Release|x86.Build.0 = Release|Any CPU
		{B312BBC7-2AAA-468E-BE53-957D1C9EDDB1}.Debug|Any CPU.ActiveCfg = Debug|Any CPU
		{B312BBC7-2AAA-468E-BE53-957D1C9EDDB1}.Debug|Any CPU.Build.0 = Debug|Any CPU
		{B312BBC7-2AAA-468E-BE53-957D1C9EDDB1}.Debug|x64.ActiveCfg = Debug|Any CPU
		{B312BBC7-2AAA-468E-BE53-957D1C9EDDB1}.Debug|x64.Build.0 = Debug|Any CPU
		{B312BBC7-2AAA-468E-BE53-957D1C9EDDB1}.Debug|x86.ActiveCfg = Debug|Any CPU
		{B312BBC7-2AAA-468E-BE53-957D1C9EDDB1}.Debug|x86.Build.0 = Debug|Any CPU
		{B312BBC7-2AAA-468E-BE53-957D1C9EDDB1}.Release|Any CPU.ActiveCfg = Release|Any CPU
		{B312BBC7-2AAA-468E-BE53-957D1C9EDDB1}.Release|Any CPU.Build.0 = Release|Any CPU
		{B312BBC7-2AAA-468E-BE53-957D1C9EDDB1}.Release|x64.ActiveCfg = Release|Any CPU
		{B312BBC7-2AAA-468E-BE53-957D1C9EDDB1}.Release|x64.Build.0 = Release|Any CPU
		{B312BBC7-2AAA-468E-BE53-957D1C9EDDB1}.Release|x86.ActiveCfg = Release|Any CPU
		{B312BBC7-2AAA-468E-BE53-957D1C9EDDB1}.Release|x86.Build.0 = Release|Any CPU
		{3A7C2FEA-3BE2-4742-8DFB-0AA53D3F9934}.Debug|Any CPU.ActiveCfg = Debug|Any CPU
		{3A7C2FEA-3BE2-4742-8DFB-0AA53D3F9934}.Debug|Any CPU.Build.0 = Debug|Any CPU
		{3A7C2FEA-3BE2-4742-8DFB-0AA53D3F9934}.Debug|x64.ActiveCfg = Debug|Any CPU
		{3A7C2FEA-3BE2-4742-8DFB-0AA53D3F9934}.Debug|x64.Build.0 = Debug|Any CPU
		{3A7C2FEA-3BE2-4742-8DFB-0AA53D3F9934}.Debug|x86.ActiveCfg = Debug|Any CPU
		{3A7C2FEA-3BE2-4742-8DFB-0AA53D3F9934}.Debug|x86.Build.0 = Debug|Any CPU
		{3A7C2FEA-3BE2-4742-8DFB-0AA53D3F9934}.Release|Any CPU.ActiveCfg = Release|Any CPU
		{3A7C2FEA-3BE2-4742-8DFB-0AA53D3F9934}.Release|Any CPU.Build.0 = Release|Any CPU
		{3A7C2FEA-3BE2-4742-8DFB-0AA53D3F9934}.Release|x64.ActiveCfg = Release|Any CPU
		{3A7C2FEA-3BE2-4742-8DFB-0AA53D3F9934}.Release|x64.Build.0 = Release|Any CPU
		{3A7C2FEA-3BE2-4742-8DFB-0AA53D3F9934}.Release|x86.ActiveCfg = Release|Any CPU
		{3A7C2FEA-3BE2-4742-8DFB-0AA53D3F9934}.Release|x86.Build.0 = Release|Any CPU
		{B4C92E05-AE09-4D30-BD3D-F0E9CEA55107}.Debug|Any CPU.ActiveCfg = Debug|Any CPU
		{B4C92E05-AE09-4D30-BD3D-F0E9CEA55107}.Debug|Any CPU.Build.0 = Debug|Any CPU
		{B4C92E05-AE09-4D30-BD3D-F0E9CEA55107}.Debug|x64.ActiveCfg = Debug|Any CPU
		{B4C92E05-AE09-4D30-BD3D-F0E9CEA55107}.Debug|x64.Build.0 = Debug|Any CPU
		{B4C92E05-AE09-4D30-BD3D-F0E9CEA55107}.Debug|x86.ActiveCfg = Debug|Any CPU
		{B4C92E05-AE09-4D30-BD3D-F0E9CEA55107}.Debug|x86.Build.0 = Debug|Any CPU
		{B4C92E05-AE09-4D30-BD3D-F0E9CEA55107}.Release|Any CPU.ActiveCfg = Release|Any CPU
		{B4C92E05-AE09-4D30-BD3D-F0E9CEA55107}.Release|Any CPU.Build.0 = Release|Any CPU
		{B4C92E05-AE09-4D30-BD3D-F0E9CEA55107}.Release|x64.ActiveCfg = Release|Any CPU
		{B4C92E05-AE09-4D30-BD3D-F0E9CEA55107}.Release|x64.Build.0 = Release|Any CPU
		{B4C92E05-AE09-4D30-BD3D-F0E9CEA55107}.Release|x86.ActiveCfg = Release|Any CPU
		{B4C92E05-AE09-4D30-BD3D-F0E9CEA55107}.Release|x86.Build.0 = Release|Any CPU
		{DA2A6A87-F273-4C3B-B3D1-443D670044CF}.Debug|Any CPU.ActiveCfg = Debug|Any CPU
		{DA2A6A87-F273-4C3B-B3D1-443D670044CF}.Debug|Any CPU.Build.0 = Debug|Any CPU
		{DA2A6A87-F273-4C3B-B3D1-443D670044CF}.Debug|x64.ActiveCfg = Debug|Any CPU
		{DA2A6A87-F273-4C3B-B3D1-443D670044CF}.Debug|x64.Build.0 = Debug|Any CPU
		{DA2A6A87-F273-4C3B-B3D1-443D670044CF}.Debug|x86.ActiveCfg = Debug|Any CPU
		{DA2A6A87-F273-4C3B-B3D1-443D670044CF}.Debug|x86.Build.0 = Debug|Any CPU
		{DA2A6A87-F273-4C3B-B3D1-443D670044CF}.Release|Any CPU.ActiveCfg = Release|Any CPU
		{DA2A6A87-F273-4C3B-B3D1-443D670044CF}.Release|Any CPU.Build.0 = Release|Any CPU
		{DA2A6A87-F273-4C3B-B3D1-443D670044CF}.Release|x64.ActiveCfg = Release|Any CPU
		{DA2A6A87-F273-4C3B-B3D1-443D670044CF}.Release|x64.Build.0 = Release|Any CPU
		{DA2A6A87-F273-4C3B-B3D1-443D670044CF}.Release|x86.ActiveCfg = Release|Any CPU
		{DA2A6A87-F273-4C3B-B3D1-443D670044CF}.Release|x86.Build.0 = Release|Any CPU
		{F1E2D3C4-B5A6-9870-FEDC-BA9876543210}.Debug|Any CPU.ActiveCfg = Debug|Any CPU
		{F1E2D3C4-B5A6-9870-FEDC-BA9876543210}.Debug|Any CPU.Build.0 = Debug|Any CPU
		{F1E2D3C4-B5A6-9870-FEDC-BA9876543210}.Debug|x64.ActiveCfg = Debug|Any CPU
		{F1E2D3C4-B5A6-9870-FEDC-BA9876543210}.Debug|x64.Build.0 = Debug|Any CPU
		{F1E2D3C4-B5A6-9870-FEDC-BA9876543210}.Debug|x86.ActiveCfg = Debug|Any CPU
		{F1E2D3C4-B5A6-9870-FEDC-BA9876543210}.Debug|x86.Build.0 = Debug|Any CPU
		{F1E2D3C4-B5A6-9870-FEDC-BA9876543210}.Release|Any CPU.ActiveCfg = Release|Any CPU
		{F1E2D3C4-B5A6-9870-FEDC-BA9876543210}.Release|Any CPU.Build.0 = Release|Any CPU
		{F1E2D3C4-B5A6-9870-FEDC-BA9876543210}.Release|x64.ActiveCfg = Release|Any CPU
		{F1E2D3C4-B5A6-9870-FEDC-BA9876543210}.Release|x64.Build.0 = Release|Any CPU
		{F1E2D3C4-B5A6-9870-FEDC-BA9876543210}.Release|x86.ActiveCfg = Release|Any CPU
		{F1E2D3C4-B5A6-9870-FEDC-BA9876543210}.Release|x86.Build.0 = Release|Any CPU
		{42A4671B-050A-4B0A-8679-0BBD2869D824}.Debug|Any CPU.ActiveCfg = Debug|Any CPU
		{42A4671B-050A-4B0A-8679-0BBD2869D824}.Debug|Any CPU.Build.0 = Debug|Any CPU
		{42A4671B-050A-4B0A-8679-0BBD2869D824}.Debug|x64.ActiveCfg = Debug|Any CPU
		{42A4671B-050A-4B0A-8679-0BBD2869D824}.Debug|x64.Build.0 = Debug|Any CPU
		{42A4671B-050A-4B0A-8679-0BBD2869D824}.Debug|x86.ActiveCfg = Debug|Any CPU
		{42A4671B-050A-4B0A-8679-0BBD2869D824}.Debug|x86.Build.0 = Debug|Any CPU
		{42A4671B-050A-4B0A-8679-0BBD2869D824}.Release|Any CPU.ActiveCfg = Release|Any CPU
		{42A4671B-050A-4B0A-8679-0BBD2869D824}.Release|Any CPU.Build.0 = Release|Any CPU
		{42A4671B-050A-4B0A-8679-0BBD2869D824}.Release|x64.ActiveCfg = Release|Any CPU
		{42A4671B-050A-4B0A-8679-0BBD2869D824}.Release|x64.Build.0 = Release|Any CPU
		{42A4671B-050A-4B0A-8679-0BBD2869D824}.Release|x86.ActiveCfg = Release|Any CPU
		{42A4671B-050A-4B0A-8679-0BBD2869D824}.Release|x86.Build.0 = Release|Any CPU
		{3C251AEA-0800-4305-9178-F96975B9E38D}.Debug|Any CPU.ActiveCfg = Debug|Any CPU
		{3C251AEA-0800-4305-9178-F96975B9E38D}.Debug|Any CPU.Build.0 = Debug|Any CPU
		{3C251AEA-0800-4305-9178-F96975B9E38D}.Debug|x64.ActiveCfg = Debug|Any CPU
		{3C251AEA-0800-4305-9178-F96975B9E38D}.Debug|x64.Build.0 = Debug|Any CPU
		{3C251AEA-0800-4305-9178-F96975B9E38D}.Debug|x86.ActiveCfg = Debug|Any CPU
		{3C251AEA-0800-4305-9178-F96975B9E38D}.Debug|x86.Build.0 = Debug|Any CPU
		{3C251AEA-0800-4305-9178-F96975B9E38D}.Release|Any CPU.ActiveCfg = Release|Any CPU
		{3C251AEA-0800-4305-9178-F96975B9E38D}.Release|Any CPU.Build.0 = Release|Any CPU
		{3C251AEA-0800-4305-9178-F96975B9E38D}.Release|x64.ActiveCfg = Release|Any CPU
		{3C251AEA-0800-4305-9178-F96975B9E38D}.Release|x64.Build.0 = Release|Any CPU
		{3C251AEA-0800-4305-9178-F96975B9E38D}.Release|x86.ActiveCfg = Release|Any CPU
		{3C251AEA-0800-4305-9178-F96975B9E38D}.Release|x86.Build.0 = Release|Any CPU
	EndGlobalSection
	GlobalSection(SolutionProperties) = preSolution
		HideSolutionNode = FALSE
	EndGlobalSection
EndGlobal
